
Microsoft Visual Studio Solution File, Format Version 12.00
# Visual Studio 15
VisualStudioVersion = 15.0.26730.12
MinimumVisualStudioVersion = 10.0.40219.1
Project("{FAE04EC0-301F-11D3-BF4B-00C04F79EFBC}") = "Beinet.cn.HostsManager", "Beinet.cn.HostsManager.csproj", "{C58EA61C-33D2-4F61-8754-D4CF1234E9C7}"
EndProject
Global
	GlobalSection(SolutionConfigurationPlatforms) = preSolution
		Debug|Any CPU = Debug|Any CPU
		Release|Any CPU = Release|Any CPU
	EndGlobalSection
	GlobalSection(ProjectConfigurationPlatforms) = postSolution
		{C58EA61C-33D2-4F61-8754-D4CF1234E9C7}.Debug|Any CPU.ActiveCfg = Debug|Any CPU
		{C58EA61C-33D2-4F61-8754-D4CF1234E9C7}.Debug|Any CPU.Build.0 = Debug|Any CPU
		{C58EA61C-33D2-4F61-8754-D4CF1234E9C7}.Release|Any CPU.ActiveCfg = Release|Any CPU
		{C58EA61C-33D2-4F61-8754-D4CF1234E9C7}.Release|Any CPU.Build.0 = Release|Any CPU
	EndGlobalSection
	GlobalSection(SolutionProperties) = preSolution
		HideSolutionNode = FALSE
	EndGlobalSection
	GlobalSection(ExtensibilityGlobals) = postSolution
		SolutionGuid = {CACC6F61-78DB-449C-A94F-599DC0F5284D}
	EndGlobalSection
EndGlobal
